
Microsoft Visual Studio Solution File, Format Version 12.00
# Visual Studio 15
VisualStudioVersion = 15.0.28307.1169
MinimumVisualStudioVersion = 10.0.40219.1
Project("{FAE04EC0-301F-11D3-BF4B-00C04F79EFBC}") = "MediTech", "MediTech\MediTech.csproj", "{AE1FC8B1-DD66-44A2-9176-EBBB8916FB34}"
EndProject
Global
	GlobalSection(SolutionConfigurationPlatforms) = preSolution
		Debug|Any CPU = Debug|Any CPU
		Release|Any CPU = Release|Any CPU
	EndGlobalSection
	GlobalSection(ProjectConfigurationPlatforms) = postSolution
		{AE1FC8B1-DD66-44A2-9176-EBBB8916FB34}.Debug|Any CPU.ActiveCfg = Debug|Any CPU
		{AE1FC8B1-DD66-44A2-9176-EBBB8916FB34}.Debug|Any CPU.Build.0 = Debug|Any CPU
		{AE1FC8B1-DD66-44A2-9176-EBBB8916FB34}.Release|Any CPU.ActiveCfg = Release|Any CPU
		{AE1FC8B1-DD66-44A2-9176-EBBB8916FB34}.Release|Any CPU.Build.0 = Release|Any CPU
	EndGlobalSection
	GlobalSection(SolutionProperties) = preSolution
		HideSolutionNode = FALSE
	EndGlobalSection
	GlobalSection(ExtensibilityGlobals) = postSolution
		SolutionGuid = {ABAC700E-17FB-4C10-A253-907A708D4C6D}
	EndGlobalSection
EndGlobal
